
Microsoft Visual Studio Solution File, Format Version 12.00
# Visual Studio Version 17
VisualStudioVersion = 17.14.36811.4
MinimumVisualStudioVersion = 10.0.40219.1
Project("{FAE04EC0-301F-11D3-BF4B-00C04F79EFBC}") = "OJT1_Smart IO", "OJT1_Smart IO\OJT1_Smart IO.csproj", "{792423D2-578D-443E-9EC7-F9A273274032}"
EndProject
Project("{2150E333-8FDC-42A3-9474-1A3956D46DE8}") = "솔루션 항목", "솔루션 항목", "{2A3A057F-5D22-31FD-628C-DF5EF75AEF1E}"
EndProject
Project("{FAE04EC0-301F-11D3-BF4B-00C04F79EFBC}") = "OJT1_ModbusSlave", "OJT1_ModbusSlave\OJT1_ModbusSlave.csproj", "{D66C53ED-5192-4B2F-808B-D3D6B2734CFC}"
EndProject
Global
	GlobalSection(SolutionConfigurationPlatforms) = preSolution
		Debug|Any CPU = Debug|Any CPU
		Release|Any CPU = Release|Any CPU
	EndGlobalSection
	GlobalSection(ProjectConfigurationPlatforms) = postSolution
		{792423D2-578D-443E-9EC7-F9A273274032}.Debug|Any CPU.ActiveCfg = Debug|Any CPU
		{792423D2-578D-443E-9EC7-F9A273274032}.Debug|Any CPU.Build.0 = Debug|Any CPU
		{792423D2-578D-443E-9EC7-F9A273274032}.Release|Any CPU.ActiveCfg = Release|Any CPU
		{792423D2-578D-443E-9EC7-F9A273274032}.Release|Any CPU.Build.0 = Release|Any CPU
		{D66C53ED-5192-4B2F-808B-D3D6B2734CFC}.Debug|Any CPU.ActiveCfg = Debug|Any CPU
		{D66C53ED-5192-4B2F-808B-D3D6B2734CFC}.Debug|Any CPU.Build.0 = Debug|Any CPU
		{D66C53ED-5192-4B2F-808B-D3D6B2734CFC}.Release|Any CPU.ActiveCfg = Release|Any CPU
		{D66C53ED-5192-4B2F-808B-D3D6B2734CFC}.Release|Any CPU.Build.0 = Release|Any CPU
	EndGlobalSection
	GlobalSection(SolutionProperties) = preSolution
		HideSolutionNode = FALSE
	EndGlobalSection
	GlobalSection(ExtensibilityGlobals) = postSolution
		SolutionGuid = {A5424D75-6FC0-4587-8615-921486BFA8C4}
	EndGlobalSection
EndGlobal
